{
  "nodes": {
    "flake-utils": {
      "locked": {
        "lastModified": 1667395993,
        "narHash": "sha256-nuEHfE/LcWyuSWnS8t12N1wc105Qtau+/OdUAjtQ0rA=",
        "owner": "numtide",
        "repo": "flake-utils",
        "rev": "5aed5285a952e0b949eb3ba02c12fa4fcfef535f",
        "type": "github"
      },
      "original": {
        "owner": "numtide",
        "repo": "flake-utils",
        "type": "github"
      }
    },
    "kak-lsp-src": {
      "flake": false,
      "locked": {
        "lastModified": 1681679713,
        "narHash": "sha256-HRVSZSZ5prmB3dXBXSlrdFuXcKUkNa81F/tQY73poZM=",
        "owner": "kak-lsp",
        "repo": "kak-lsp",
        "rev": "39dcd5a64aaa2eb37936226c8b7e80dbd2d78994",
        "type": "github"
      },
      "original": {
        "owner": "kak-lsp",
        "repo": "kak-lsp",
        "type": "github"
      }
    },
    "kak-tree-sitter-src": {
      "flake": false,
      "locked": {
        "lastModified": 1689007521,
        "narHash": "sha256-cphVpheUT4Qt3MkrappS3jyzFL6JARjEDYLqodpwwk4=",
        "owner": "phaazon",
        "repo": "kak-tree-sitter",
        "rev": "f0c6fdb75adfdfe0efca9b9815cddc90313c98d0",
        "type": "github"
      },
      "original": {
        "owner": "phaazon",
        "repo": "kak-tree-sitter",
        "type": "github"
      }
    },
    "lmt-src": {
      "flake": false,
      "locked": {
        "lastModified": 1619009341,
        "narHash": "sha256-6/jDh5dfpFAhOspKto2hB8TTSjjh++GkQWjRBaFrYZg=",
        "owner": "driusan",
        "repo": "lmt",
        "rev": "62fe18f2f6a6e11c158ff2b2209e1082a4fcd59c",
        "type": "github"
      },
      "original": {
        "owner": "driusan",
        "repo": "lmt",
        "type": "github"
      }
    },
    "ln-conf": {
      "inputs": {
        "nixpkgs": [
          "nixpkgs"
        ]
      },
      "locked": {
        "lastModified": 1656432661,
        "narHash": "sha256-77UTBuvFQKUJIWpF8yLkuWzvXB1SwLchwg9nOD6hPvE=",
        "owner": "icetan",
        "repo": "ln-conf",
        "rev": "9e5f6ee6f34c73aac3a97d4bf397be891b3ee366",
        "type": "github"
      },
      "original": {
        "owner": "icetan",
        "repo": "ln-conf",
        "type": "github"
      }
    },
    "naersk": {
      "inputs": {
        "nixpkgs": "nixpkgs"
      },
      "locked": {
        "lastModified": 1688534083,
        "narHash": "sha256-/bI5vsioXscQTsx+Hk9X5HfweeNZz/6kVKsbdqfwW7g=",
        "owner": "nix-community",
        "repo": "naersk",
        "rev": "abca1fb7a6cfdd355231fc220c3d0302dbb4369a",
        "type": "github"
      },
      "original": {
        "owner": "nix-community",
        "repo": "naersk",
        "type": "github"
      }
    },
    "nil": {
      "inputs": {
        "flake-utils": "flake-utils",
        "nixpkgs": "nixpkgs_2",
        "rust-overlay": "rust-overlay"
      },
      "locked": {
        "lastModified": 1668625881,
        "narHash": "sha256-cWPlB/gqR30BWKRaeQoToL7vCxTFZNNz1lt0M/fj+ds=",
        "owner": "oxalica",
        "repo": "nil",
        "rev": "bea40f71fc2b918ad6cf2154bcc12521ac664dc2",
        "type": "github"
      },
      "original": {
        "owner": "oxalica",
        "repo": "nil",
        "type": "github"
      }
    },
    "nixpkgs": {
      "locked": {
        "lastModified": 1687011986,
        "narHash": "sha256-ZNSi/wBw12d7LO8YcZ4aehIlPp4lgSkKbrHaoF80IKI=",
        "owner": "NixOS",
        "repo": "nixpkgs",
        "rev": "2c09e8eb8717e240ef9c5727c1cc9186db9fb309",
        "type": "github"
      },
      "original": {
        "id": "nixpkgs",
        "type": "indirect"
      }
    },
    "nixpkgs-mozilla": {
      "flake": false,
      "locked": {
        "lastModified": 1687771476,
        "narHash": "sha256-TSpqz6qYVRoqkEdOCawEQ4/cWt/4pracmvw17HK1tgE=",
        "owner": "mozilla",
        "repo": "nixpkgs-mozilla",
        "rev": "3a44b8783514e7d6db4b63df96071b6c2b014b07",
        "type": "github"
      },
      "original": {
        "owner": "mozilla",
        "repo": "nixpkgs-mozilla",
        "type": "github"
      }
    },
    "nixpkgs-stable": {
      "locked": {
        "lastModified": 1672580127,
        "narHash": "sha256-3lW3xZslREhJogoOkjeZtlBtvFMyxHku7I/9IVehhT8=",
        "owner": "NixOS",
        "repo": "nixpkgs",
        "rev": "0874168639713f547c05947c76124f78441ea46c",
        "type": "github"
      },
      "original": {
        "owner": "NixOS",
        "ref": "release-22.05",
        "repo": "nixpkgs",
        "type": "github"
      }
    },
    "nixpkgs_2": {
      "locked": {
        "lastModified": 1667669848,
        "narHash": "sha256-nD2dk2A+1zUlUT18ppDFVWwimi26+ultc2QRsulQwQ8=",
        "owner": "nixos",
        "repo": "nixpkgs",
        "rev": "1f3ebb2bd1a353a42e8f833895c26d8415c7b791",
        "type": "github"
      },
      "original": {
        "owner": "nixos",
        "ref": "nixpkgs-unstable",
        "repo": "nixpkgs",
        "type": "github"
      }
    },
    "nixpkgs_3": {
      "locked": {
        "lastModified": 1681753173,
        "narHash": "sha256-MrGmzZWLUqh2VstoikKLFFIELXm/lsf/G9U9zR96VD4=",
        "owner": "NixOS",
        "repo": "nixpkgs",
        "rev": "0a4206a51b386e5cda731e8ac78d76ad924c7125",
        "type": "github"
      },
      "original": {
        "id": "nixpkgs",
        "type": "indirect"
      }
    },
    "pairon-src": {
      "flake": false,
      "locked": {
        "lastModified": 1608114862,
        "narHash": "sha256-DWFNhB65Neoywk0QoGkJVOAXKmFy0z4gTmFTE46aGRk=",
        "owner": "icetan",
        "repo": "pairon",
        "rev": "e951d32a362ff6f74d993b4e2044c2543b2e5fa7",
        "type": "github"
      },
      "original": {
        "owner": "icetan",
        "repo": "pairon",
        "type": "github"
      }
    },
    "root": {
      "inputs": {
        "kak-lsp-src": "kak-lsp-src",
        "kak-tree-sitter-src": "kak-tree-sitter-src",
        "lmt-src": "lmt-src",
        "ln-conf": "ln-conf",
        "naersk": "naersk",
        "nil": "nil",
        "nixpkgs": "nixpkgs_3",
        "nixpkgs-mozilla": "nixpkgs-mozilla",
        "nixpkgs-stable": "nixpkgs-stable",
        "pairon-src": "pairon-src",
        "utils": "utils"
      }
    },
    "rust-overlay": {
      "inputs": {
        "flake-utils": [
          "nil",
          "flake-utils"
        ],
        "nixpkgs": [
          "nil",
          "nixpkgs"
        ]
      },
      "locked": {
        "lastModified": 1667789120,
        "narHash": "sha256-Yid92tEY2CeS8VUiexjSw0hsjfQbRLbUCpqkdVLaEnI=",
        "owner": "oxalica",
        "repo": "rust-overlay",
        "rev": "528499f67169671e931cf1ba63601803e58abd2a",
        "type": "github"
      },
      "original": {
        "owner": "oxalica",
        "repo": "rust-overlay",
        "type": "github"
      }
    },
    "utils": {
      "locked": {
        "lastModified": 1667395993,
        "narHash": "sha256-nuEHfE/LcWyuSWnS8t12N1wc105Qtau+/OdUAjtQ0rA=",
        "owner": "numtide",
        "repo": "flake-utils",
        "rev": "5aed5285a952e0b949eb3ba02c12fa4fcfef535f",
        "type": "github"
      },
      "original": {
        "id": "flake-utils",
        "type": "indirect"
      }
    }
  },
  "root": "root",
  "version": 7
}
