{
  "nodes": {
    "kak-lsp-src": {
      "flake": false,
      "locked": {
        "lastModified": 1693610654,
        "narHash": "sha256-BTyDytJJMJsDvqjX4wV3e0t2XXU5Wz0xiLwQepzFDKY=",
        "owner": "kak-lsp",
        "repo": "kak-lsp",
        "rev": "ae3d052928a482620f62fe3ee866ad072808bac1",
        "type": "github"
      },
      "original": {
        "owner": "kak-lsp",
        "repo": "kak-lsp",
        "type": "github"
      }
    },
    "kak-tree-sitter-src": {
      "flake": false,
      "locked": {
        "lastModified": 1694378399,
        "narHash": "sha256-B0NOoQ41D8LLo1QCDLTD5d/eyaYy3LbYH7qbyYeGlHA=",
        "owner": "phaazon",
        "repo": "kak-tree-sitter",
        "rev": "2cb7898880ffa63e952662ff6f574f55c6e29fff",
        "type": "github"
      },
      "original": {
        "owner": "phaazon",
        "repo": "kak-tree-sitter",
        "type": "github"
      }
    },
    "kakoune-src": {
      "flake": false,
      "locked": {
        "lastModified": 1694338267,
        "narHash": "sha256-qQEWUPH036AbgtV/5f6k2NaI+oXsRf9BeH/HJV9d8VM=",
        "owner": "mawww",
        "repo": "kakoune",
        "rev": "01fd6552af6b909f533d5cd8bf3a5385d4e35215",
        "type": "github"
      },
      "original": {
        "owner": "mawww",
        "repo": "kakoune",
        "type": "github"
      }
    },
    "lmt-src": {
      "flake": false,
      "locked": {
        "lastModified": 1619009341,
        "narHash": "sha256-6/jDh5dfpFAhOspKto2hB8TTSjjh++GkQWjRBaFrYZg=",
        "owner": "driusan",
        "repo": "lmt",
        "rev": "62fe18f2f6a6e11c158ff2b2209e1082a4fcd59c",
        "type": "github"
      },
      "original": {
        "owner": "driusan",
        "repo": "lmt",
        "type": "github"
      }
    },
    "ln-conf": {
      "inputs": {
        "nixpkgs": [
          "nixpkgs"
        ]
      },
      "locked": {
        "lastModified": 1656432661,
        "narHash": "sha256-77UTBuvFQKUJIWpF8yLkuWzvXB1SwLchwg9nOD6hPvE=",
        "owner": "icetan",
        "repo": "ln-conf",
        "rev": "9e5f6ee6f34c73aac3a97d4bf397be891b3ee366",
        "type": "github"
      },
      "original": {
        "owner": "icetan",
        "repo": "ln-conf",
        "type": "github"
      }
    },
    "naersk": {
      "inputs": {
        "nixpkgs": "nixpkgs"
      },
      "locked": {
        "lastModified": 1694081375,
        "narHash": "sha256-vzJXOUnmkMCm3xw8yfPP5m8kypQ3BhAIRe4RRCWpzy8=",
        "owner": "nix-community",
        "repo": "naersk",
        "rev": "3f976d822b7b37fc6fb8e6f157c2dd05e7e94e89",
        "type": "github"
      },
      "original": {
        "owner": "nix-community",
        "repo": "naersk",
        "type": "github"
      }
    },
    "nixpkgs": {
      "locked": {
        "lastModified": 1692494774,
        "narHash": "sha256-noGVoOTyZ2Kr5OFglzKYOX48cx3hggdCPbXrYMG2FDw=",
        "owner": "NixOS",
        "repo": "nixpkgs",
        "rev": "3476a10478587dec90acb14ec6bde0966c545cc0",
        "type": "github"
      },
      "original": {
        "id": "nixpkgs",
        "type": "indirect"
      }
    },
    "nixpkgs-mozilla": {
      "flake": false,
      "locked": {
        "lastModified": 1690536331,
        "narHash": "sha256-aRIf2FB2GTdfF7gl13WyETmiV/J7EhBGkSWXfZvlxcA=",
        "owner": "mozilla",
        "repo": "nixpkgs-mozilla",
        "rev": "db89c8707edcffefcd8e738459d511543a339ff5",
        "type": "github"
      },
      "original": {
        "owner": "mozilla",
        "repo": "nixpkgs-mozilla",
        "type": "github"
      }
    },
    "nixpkgs-stable": {
      "locked": {
        "lastModified": 1685573264,
        "narHash": "sha256-Zffu01pONhs/pqH07cjlF10NnMDLok8ix5Uk4rhOnZQ=",
        "owner": "NixOS",
        "repo": "nixpkgs",
        "rev": "380be19fbd2d9079f677978361792cb25e8a3635",
        "type": "github"
      },
      "original": {
        "owner": "NixOS",
        "ref": "release-22.05",
        "repo": "nixpkgs",
        "type": "github"
      }
    },
    "nixpkgs_2": {
      "locked": {
        "lastModified": 1692494774,
        "narHash": "sha256-noGVoOTyZ2Kr5OFglzKYOX48cx3hggdCPbXrYMG2FDw=",
        "owner": "NixOS",
        "repo": "nixpkgs",
        "rev": "3476a10478587dec90acb14ec6bde0966c545cc0",
        "type": "github"
      },
      "original": {
        "id": "nixpkgs",
        "type": "indirect"
      }
    },
    "pairon-src": {
      "flake": false,
      "locked": {
        "lastModified": 1694599547,
        "narHash": "sha256-6gRuZEUaAcmN4Zt9ZGsoghhBoELOA/q9YFPyodfnIoo=",
        "owner": "icetan",
        "repo": "pairon",
        "rev": "5bfbe739bf59704a4ad4eca3b5c954e56f6cde67",
        "type": "github"
      },
      "original": {
        "owner": "icetan",
        "repo": "pairon",
        "type": "github"
      }
    },
    "root": {
      "inputs": {
        "kak-lsp-src": "kak-lsp-src",
        "kak-tree-sitter-src": "kak-tree-sitter-src",
        "kakoune-src": "kakoune-src",
        "lmt-src": "lmt-src",
        "ln-conf": "ln-conf",
        "naersk": "naersk",
        "nixpkgs": "nixpkgs_2",
        "nixpkgs-mozilla": "nixpkgs-mozilla",
        "nixpkgs-stable": "nixpkgs-stable",
        "pairon-src": "pairon-src",
        "utils": "utils"
      }
    },
    "systems": {
      "locked": {
        "lastModified": 1681028828,
        "narHash": "sha256-Vy1rq5AaRuLzOxct8nz4T6wlgyUR7zLU309k9mBC768=",
        "owner": "nix-systems",
        "repo": "default",
        "rev": "da67096a3b9bf56a91d16901293e51ba5b49a27e",
        "type": "github"
      },
      "original": {
        "owner": "nix-systems",
        "repo": "default",
        "type": "github"
      }
    },
    "utils": {
      "inputs": {
        "systems": "systems"
      },
      "locked": {
        "lastModified": 1692799911,
        "narHash": "sha256-3eihraek4qL744EvQXsK1Ha6C3CR7nnT8X2qWap4RNk=",
        "owner": "numtide",
        "repo": "flake-utils",
        "rev": "f9e7cf818399d17d347f847525c5a5a8032e4e44",
        "type": "github"
      },
      "original": {
        "id": "flake-utils",
        "type": "indirect"
      }
    }
  },
  "root": "root",
  "version": 7
}
